
Microsoft Visual Studio Solution File, Format Version 12.00
# Visual Studio Version 17
VisualStudioVersion = 17.14.37111.16 d17.14
MinimumVisualStudioVersion = 10.0.40219.1
Project("{8BC9CEB8-8B4A-11D0-8D11-00A0C91BC942}") = "Triangle", "Triangle.vcxproj", "{BF738C5D-F1DA-491A-8678-E5B9C488F807}"
EndProject
Global
	GlobalSection(SolutionConfigurationPlatforms) = preSolution
		Debug|x64 = Debug|x64
		Debug|x86 = Debug|x86
		Release|x64 = Release|x64
		Release|x86 = Release|x86
	EndGlobalSection
	GlobalSection(ProjectConfigurationPlatforms) = postSolution
		{BF738C5D-F1DA-491A-8678-E5B9C488F807}.Debug|x64.ActiveCfg = Debug|x64
		{BF738C5D-F1DA-491A-8678-E5B9C488F807}.Debug|x64.Build.0 = Debug|x64
		{BF738C5D-F1DA-491A-8678-E5B9C488F807}.Debug|x86.ActiveCfg = Debug|Win32
		{BF738C5D-F1DA-491A-8678-E5B9C488F807}.Debug|x86.Build.0 = Debug|Win32
		{BF738C5D-F1DA-491A-8678-E5B9C488F807}.Release|x64.ActiveCfg = Release|x64
		{BF738C5D-F1DA-491A-8678-E5B9C488F807}.Release|x64.Build.0 = Release|x64
		{BF738C5D-F1DA-491A-8678-E5B9C488F807}.Release|x86.ActiveCfg = Release|Win32
		{BF738C5D-F1DA-491A-8678-E5B9C488F807}.Release|x86.Build.0 = Release|Win32
	EndGlobalSection
	GlobalSection(SolutionProperties) = preSolution
		HideSolutionNode = FALSE
	EndGlobalSection
	GlobalSection(ExtensibilityGlobals) = postSolution
		SolutionGuid = {2FDB95E9-B2D1-4580-9D69-8D275AAC359C}
	EndGlobalSection
EndGlobal
